
Microsoft Visual Studio Solution File, Format Version 12.00
# Visual Studio Version 17
VisualStudioVersion = 17.11.35312.102
MinimumVisualStudioVersion = 10.0.40219.1
Project("{FAE04EC0-301F-11D3-BF4B-00C04F79EFBC}") = "WebGalleryProject", "WebGalleryProject.csproj", "{CAB8F619-B567-4337-AD72-46C666BD6CFF}"
EndProject
Global
	GlobalSection(SolutionConfigurationPlatforms) = preSolution
		Debug|Any CPU = Debug|Any CPU
		Release|Any CPU = Release|Any CPU
	EndGlobalSection
	GlobalSection(ProjectConfigurationPlatforms) = postSolution
		{CAB8F619-B567-4337-AD72-46C666BD6CFF}.Debug|Any CPU.ActiveCfg = Debug|Any CPU
		{CAB8F619-B567-4337-AD72-46C666BD6CFF}.Debug|Any CPU.Build.0 = Debug|Any CPU
		{CAB8F619-B567-4337-AD72-46C666BD6CFF}.Release|Any CPU.ActiveCfg = Release|Any CPU
		{CAB8F619-B567-4337-AD72-46C666BD6CFF}.Release|Any CPU.Build.0 = Release|Any CPU
	EndGlobalSection
	GlobalSection(SolutionProperties) = preSolution
		HideSolutionNode = FALSE
	EndGlobalSection
	GlobalSection(ExtensibilityGlobals) = postSolution
		SolutionGuid = {90318ECF-4619-4223-9030-175A98787926}
	EndGlobalSection
EndGlobal
